
Microsoft Visual Studio Solution File, Format Version 12.00
# Visual Studio Version 17
VisualStudioVersion = 17.8.34330.188
MinimumVisualStudioVersion = 10.0.40219.1
Project("{FAE04EC0-301F-11D3-BF4B-00C04F79EFBC}") = "PP uke 5", "PP uke 5\PP uke 5.csproj", "{9807AAA9-F13E-42B4-9A59-757C8922F3D9}"
EndProject
Global
	GlobalSection(SolutionConfigurationPlatforms) = preSolution
		Debug|Any CPU = Debug|Any CPU
		Release|Any CPU = Release|Any CPU
	EndGlobalSection
	GlobalSection(ProjectConfigurationPlatforms) = postSolution
		{9807AAA9-F13E-42B4-9A59-757C8922F3D9}.Debug|Any CPU.ActiveCfg = Debug|Any CPU
		{9807AAA9-F13E-42B4-9A59-757C8922F3D9}.Debug|Any CPU.Build.0 = Debug|Any CPU
		{9807AAA9-F13E-42B4-9A59-757C8922F3D9}.Release|Any CPU.ActiveCfg = Release|Any CPU
		{9807AAA9-F13E-42B4-9A59-757C8922F3D9}.Release|Any CPU.Build.0 = Release|Any CPU
	EndGlobalSection
	GlobalSection(SolutionProperties) = preSolution
		HideSolutionNode = FALSE
	EndGlobalSection
	GlobalSection(ExtensibilityGlobals) = postSolution
		SolutionGuid = {F760BE57-F8C4-49E8-BD7A-C0F124B15572}
	EndGlobalSection
EndGlobal
